Microsoft Visual Studio Solution File, Format Version 10.00
# Visual C++ Express 2008
Project("{8BC9CEB8-8B4A-11D0-8D11-00A0C91BC942}") = "qt-simple-test", "src\qt-simple-test.vcproj", "{9A80D06C-2B1B-4C67-9DEE-402ECCD7FFE3}"
EndProject
Global
	GlobalSection(SolutionConfigurationPlatforms) = preSolution
		Debug|Win32 = Debug|Win32
		MinSizeRel|Win32 = MinSizeRel|Win32
		Release|Win32 = Release|Win32
		RelWithDebInfo|Win32 = RelWithDebInfo|Win32
	EndGlobalSection
	GlobalSection(ProjectConfigurationPlatforms) = postSolution
		{9A80D06C-2B1B-4C67-9DEE-402ECCD7FFE3}.Debug|Win32.ActiveCfg = Debug|Win32
		{9A80D06C-2B1B-4C67-9DEE-402ECCD7FFE3}.Debug|Win32.Build.0 = Debug|Win32
		{9A80D06C-2B1B-4C67-9DEE-402ECCD7FFE3}.MinSizeRel|Win32.ActiveCfg = MinSizeRel|Win32
		{9A80D06C-2B1B-4C67-9DEE-402ECCD7FFE3}.MinSizeRel|Win32.Build.0 = MinSizeRel|Win32
		{9A80D06C-2B1B-4C67-9DEE-402ECCD7FFE3}.Release|Win32.ActiveCfg = Release|Win32
		{9A80D06C-2B1B-4C67-9DEE-402ECCD7FFE3}.Release|Win32.Build.0 = Release|Win32
		{9A80D06C-2B1B-4C67-9DEE-402ECCD7FFE3}.RelWithDebInfo|Win32.ActiveCfg = RelWithDebInfo|Win32
		{9A80D06C-2B1B-4C67-9DEE-402ECCD7FFE3}.RelWithDebInfo|Win32.Build.0 = RelWithDebInfo|Win32
	EndGlobalSection
	GlobalSection(SolutionProperties) = preSolution
		HideSolutionNode = FALSE
	EndGlobalSection
EndGlobal
