
Microsoft Visual Studio Solution File, Format Version 11.00
# Visual C++ Express 2010
Project("{8BC9CEB8-8B4A-11D0-8D11-00A0C91BC942}") = "nowind_nextgen", "nowind_nextgen.vcxproj", "{585903A2-D2A4-432D-BD1F-6CBC6B947A9D}"
EndProject
Global
	GlobalSection(SolutionConfigurationPlatforms) = preSolution
		Debug|Win32 = Debug|Win32
		Release|Win32 = Release|Win32
	EndGlobalSection
	GlobalSection(ProjectConfigurationPlatforms) = postSolution
		{585903A2-D2A4-432D-BD1F-6CBC6B947A9D}.Debug|Win32.ActiveCfg = Debug|Win32
		{585903A2-D2A4-432D-BD1F-6CBC6B947A9D}.Debug|Win32.Build.0 = Debug|Win32
		{585903A2-D2A4-432D-BD1F-6CBC6B947A9D}.Release|Win32.ActiveCfg = Release|Win32
		{585903A2-D2A4-432D-BD1F-6CBC6B947A9D}.Release|Win32.Build.0 = Release|Win32
	EndGlobalSection
	GlobalSection(SolutionProperties) = preSolution
		HideSolutionNode = FALSE
	EndGlobalSection
EndGlobal
